
Microsoft Visual Studio Solution File, Format Version 11.00
# Visual Studio 2010
Project("{FAE04EC0-301F-11D3-BF4B-00C04F79EFBC}") = "SplineCustomEditor", "Assembly-CSharp.csproj", "{A0DE735B-5F89-9728-A1FB-986C0946A73A}"
EndProject
Project("{FAE04EC0-301F-11D3-BF4B-00C04F79EFBC}") = "SplineCustomEditor", "Assembly-CSharp-Editor.csproj", "{8FCC00C7-28FF-FCC0-1DA6-E5743B330E9C}"
EndProject
Global
	GlobalSection(SolutionConfigurationPlatforms) = preSolution
		Debug|Any CPU = Debug|Any CPU
		Release|Any CPU = Release|Any CPU
	EndGlobalSection
	GlobalSection(ProjectConfigurationPlatforms) = postSolution
		{A0DE735B-5F89-9728-A1FB-986C0946A73A}.Debug|Any CPU.ActiveCfg = Debug|Any CPU
		{A0DE735B-5F89-9728-A1FB-986C0946A73A}.Debug|Any CPU.Build.0 = Debug|Any CPU
		{A0DE735B-5F89-9728-A1FB-986C0946A73A}.Release|Any CPU.ActiveCfg = Release|Any CPU
		{A0DE735B-5F89-9728-A1FB-986C0946A73A}.Release|Any CPU.Build.0 = Release|Any CPU
		{8FCC00C7-28FF-FCC0-1DA6-E5743B330E9C}.Debug|Any CPU.ActiveCfg = Debug|Any CPU
		{8FCC00C7-28FF-FCC0-1DA6-E5743B330E9C}.Debug|Any CPU.Build.0 = Debug|Any CPU
		{8FCC00C7-28FF-FCC0-1DA6-E5743B330E9C}.Release|Any CPU.ActiveCfg = Release|Any CPU
		{8FCC00C7-28FF-FCC0-1DA6-E5743B330E9C}.Release|Any CPU.Build.0 = Release|Any CPU
	EndGlobalSection
	GlobalSection(SolutionProperties) = preSolution
		HideSolutionNode = FALSE
	EndGlobalSection
	GlobalSection(MonoDevelopProperties) = preSolution
		StartupItem = Assembly-CSharp.csproj
	EndGlobalSection
EndGlobal
